
Microsoft Visual Studio Solution File, Format Version 11.00
# Visual C++ Express 2010
Project("{8BC9CEB8-8B4A-11D0-8D11-00A0C91BC942}") = "SolarSystem", "SolarSystem\SolarSystem.vcxproj", "{626E48AE-78D6-446A-95E6-EA7C8706DF24}"
EndProject
Global
	GlobalSection(SolutionConfigurationPlatforms) = preSolution
		Debug|Win32 = Debug|Win32
		Release|Win32 = Release|Win32
	EndGlobalSection
	GlobalSection(ProjectConfigurationPlatforms) = postSolution
		{626E48AE-78D6-446A-95E6-EA7C8706DF24}.Debug|Win32.ActiveCfg = Debug|Win32
		{626E48AE-78D6-446A-95E6-EA7C8706DF24}.Debug|Win32.Build.0 = Debug|Win32
		{626E48AE-78D6-446A-95E6-EA7C8706DF24}.Release|Win32.ActiveCfg = Release|Win32
		{626E48AE-78D6-446A-95E6-EA7C8706DF24}.Release|Win32.Build.0 = Release|Win32
	EndGlobalSection
	GlobalSection(SolutionProperties) = preSolution
		HideSolutionNode = FALSE
	EndGlobalSection
EndGlobal
